// !$*UTF8*$!
{
	archiveVersion = 1;
	classes = {
	};
	objectVersion = 46;
	objects = {

/* Begin PBXBuildFile section */
		040BED681F8384EC00E8D5DC /* AppDelegate.swift in Sources */ = {isa = PBXBuildFile; fileRef = 040BED671F8384EC00E8D5DC /* AppDelegate.swift */; };
		040BED6A1F8384EC00E8D5DC /* ViewController.swift in Sources */ = {isa = PBXBuildFile; fileRef = 040BED691F8384EC00E8D5DC /* ViewController.swift */; };
		040BED6D1F8384EC00E8D5DC /* Main.storyboard in Resources */ = {isa = PBXBuildFile; fileRef = 040BED6B1F8384EC00E8D5DC /* Main.storyboard */; };
		040BED6F1F8384EC00E8D5DC /* Assets.xcassets in Resources */ = {isa = PBXBuildFile; fileRef = 040BED6E1F8384EC00E8D5DC /* Assets.xcassets */; };
		040BED721F8384EC00E8D5DC /* LaunchScreen.storyboard in Resources */ = {isa = PBXBuildFile; fileRef = 040BED701F8384EC00E8D5DC /* LaunchScreen.storyboard */; };
		040BED7F1F8397CD00E8D5DC /* RSSXMLParser.swift in Sources */ = {isa = PBXBuildFile; fileRef = 040BED7E1F8397CD00E8D5DC /* RSSXMLParser.swift */; };
		0485627F1F8522150013E1BB /* ArticleTableViewController.swift in Sources */ = {isa = PBXBuildFile; fileRef = 0485627E1F8522150013E1BB /* ArticleTableViewController.swift */; };
		048562811F87900C0013E1BB /* DetailViewController.swift in Sources */ = {isa = PBXBuildFile; fileRef = 048562801F87900C0013E1BB /* DetailViewController.swift */; };
		048562841F87C04B0013E1BB /* Unchecked Checkbox-32.png in Resources */ = {isa = PBXBuildFile; fileRef = 048562831F87C04B0013E1BB /* Unchecked Checkbox-32.png */; };
		048562861F87C0650013E1BB /* Checked Checkbox-32.png in Resources */ = {isa = PBXBuildFile; fileRef = 048562851F87C0650013E1BB /* Checked Checkbox-32.png */; };
		0490E2A71F8509B00031737C /* RSSReaderCell.swift in Sources */ = {isa = PBXBuildFile; fileRef = 0490E2A61F8509B00031737C /* RSSReaderCell.swift */; };
/* End PBXBuildFile section */

/* Begin PBXFileReference section */
		040BED641F8384EC00E8D5DC /* Article Reader.app */ = {isa = PBXFileReference; explicitFileType = wrapper.application; includeInIndex = 0; path = "Article Reader.app"; sourceTree = BUILT_PRODUCTS_DIR; };
		040BED671F8384EC00E8D5DC /* AppDelegate.swift */ = {isa = PBXFileReference; lastKnownFileType = sourcecode.swift; path = AppDelegate.swift; sourceTree = "<group>"; };
		040BED691F8384EC00E8D5DC /* ViewController.swift */ = {isa = PBXFileReference; lastKnownFileType = sourcecode.swift; path = ViewController.swift; sourceTree = "<group>"; };
		040BED6C1F8384EC00E8D5DC /* Base */ = {isa = PBXFileReference; lastKnownFileType = file.storyboard; name = Base; path = Base.lproj/Main.storyboard; sourceTree = "<group>"; };
		040BED6E1F8384EC00E8D5DC /* Assets.xcassets */ = {isa = PBXFileReference; lastKnownFileType = folder.assetcatalog; path = Assets.xcassets; sourceTree = "<group>"; };
		040BED711F8384EC00E8D5DC /* Base */ = {isa = PBXFileReference; lastKnownFileType = file.storyboard; name = Base; path = Base.lproj/LaunchScreen.storyboard; sourceTree = "<group>"; };
		040BED731F8384EC00E8D5DC /* Info.plist */ = {isa = PBXFileReference; lastKnownFileType = text.plist.xml; path = Info.plist; sourceTree = "<group>"; };
		040BED7E1F8397CD00E8D5DC /* RSSXMLParser.swift */ = {isa = PBXFileReference; fileEncoding = 4; lastKnownFileType = sourcecode.swift; path = RSSXMLParser.swift; sourceTree = "<group>"; };
		0485627E1F8522150013E1BB /* ArticleTableViewController.swift */ = {isa = PBXFileReference; fileEncoding = 4; lastKnownFileType = sourcecode.swift; path = ArticleTableViewController.swift; sourceTree = "<group>"; };
		048562801F87900C0013E1BB /* DetailViewController.swift */ = {isa = PBXFileReference; fileEncoding = 4; lastKnownFileType = sourcecode.swift; path = DetailViewController.swift; sourceTree = "<group>"; };
		048562831F87C04B0013E1BB /* Unchecked Checkbox-32.png */ = {isa = PBXFileReference; lastKnownFileType = image.png; path = "Unchecked Checkbox-32.png"; sourceTree = "<group>"; };
		048562851F87C0650013E1BB /* Checked Checkbox-32.png */ = {isa = PBXFileReference; lastKnownFileType = image.png; path = "Checked Checkbox-32.png"; sourceTree = "<group>"; };
		0490E2A61F8509B00031737C /* RSSReaderCell.swift */ = {isa = PBXFileReference; fileEncoding = 4; lastKnownFileType = sourcecode.swift; path = RSSReaderCell.swift; sourceTree = "<group>"; };
/* End PBXFileReference section */

/* Begin PBXFrameworksBuildPhase section */
		040BED611F8384EB00E8D5DC /* Frameworks */ = {
			isa = PBXFrameworksBuildPhase;
			buildActionMask = 2147483647;
			files = (
			);
			runOnlyForDeploymentPostprocessing = 0;
		};
/* End PBXFrameworksBuildPhase section */

/* Begin PBXGroup section */
		040BED5B1F8384EB00E8D5DC = {
			isa = PBXGroup;
			children = (
				040BED7B1F83867200E8D5DC /* RSS Parser */,
				040BED661F8384EC00E8D5DC /* Article Reader */,
				040BED651F8384EC00E8D5DC /* Products */,
			);
			sourceTree = "<group>";
		};
		040BED651F8384EC00E8D5DC /* Products */ = {
			isa = PBXGroup;
			children = (
				040BED641F8384EC00E8D5DC /* Article Reader.app */,
			);
			name = Products;
			sourceTree = "<group>";
		};
		040BED661F8384EC00E8D5DC /* Article Reader */ = {
			isa = PBXGroup;
			children = (
				040BED671F8384EC00E8D5DC /* AppDelegate.swift */,
				040BED691F8384EC00E8D5DC /* ViewController.swift */,
				0490E2A61F8509B00031737C /* RSSReaderCell.swift */,
				0485627E1F8522150013E1BB /* ArticleTableViewController.swift */,
				048562801F87900C0013E1BB /* DetailViewController.swift */,
				040BED6B1F8384EC00E8D5DC /* Main.storyboard */,
				040BED6E1F8384EC00E8D5DC /* Assets.xcassets */,
				048562851F87C0650013E1BB /* Checked Checkbox-32.png */,
				048562831F87C04B0013E1BB /* Unchecked Checkbox-32.png */,
				040BED701F8384EC00E8D5DC /* LaunchScreen.storyboard */,
				040BED731F8384EC00E8D5DC /* Info.plist */,
			);
			path = "Article Reader";
			sourceTree = "<group>";
		};
		040BED7B1F83867200E8D5DC /* RSS Parser */ = {
			isa = PBXGroup;
			children = (
				040BED7E1F8397CD00E8D5DC /* RSSXMLParser.swift */,
			);
			name = "RSS Parser";
			sourceTree = "<group>";
		};
/* End PBXGroup section */

/* Begin PBXNativeTarget section */
		040BED631F8384EB00E8D5DC /* Article Reader */ = {
			isa = PBXNativeTarget;
			buildConfigurationList = 040BED761F8384EC00E8D5DC /* Build configuration list for PBXNativeTarget "Article Reader" */;
			buildPhases = (
				040BED601F8384EB00E8D5DC /* Sources */,
				040BED611F8384EB00E8D5DC /* Frameworks */,
				040BED621F8384EB00E8D5DC /* Resources */,
			);
			buildRules = (
			);
			dependencies = (
			);
			name = "Article Reader";
			productName = "Article Reader";
			productReference = 040BED641F8384EC00E8D5DC /* Article Reader.app */;
			productType = "com.apple.product-type.application";
		};
/* End PBXNativeTarget section */

/* Begin PBXProject section */
		040BED5C1F8384EB00E8D5DC /* Project object */ = {
			isa = PBXProject;
			attributes = {
				LastSwiftUpdateCheck = 0830;
				LastUpgradeCheck = 0830;
				ORGANIZATIONNAME = "Humma Embedded Consultancy and Development";
				TargetAttributes = {
					040BED631F8384EB00E8D5DC = {
						CreatedOnToolsVersion = 8.3.3;
						DevelopmentTeam = W5KGX9VHHG;
						ProvisioningStyle = Automatic;
					};
				};
			};
			buildConfigurationList = 040BED5F1F8384EB00E8D5DC /* Build configuration list for PBXProject "Article Reader" */;
			compatibilityVersion = "Xcode 3.2";
			developmentRegion = English;
			hasScannedForEncodings = 0;
			knownRegions = (
				en,
				Base,
			);
			mainGroup = 040BED5B1F8384EB00E8D5DC;
			productRefGroup = 040BED651F8384EC00E8D5DC /* Products */;
			projectDirPath = "";
			projectRoot = "";
			targets = (
				040BED631F8384EB00E8D5DC /* Article Reader */,
			);
		};
/* End PBXProject section */

/* Begin PBXResourcesBuildPhase section */
		040BED621F8384EB00E8D5DC /* Resources */ = {
			isa = PBXResourcesBuildPhase;
			buildActionMask = 2147483647;
			files = (
				048562861F87C0650013E1BB /* Checked Checkbox-32.png in Resources */,
				040BED721F8384EC00E8D5DC /* LaunchScreen.storyboard in Resources */,
				040BED6F1F8384EC00E8D5DC /* Assets.xcassets in Resources */,
				040BED6D1F8384EC00E8D5DC /* Main.storyboard in Resources */,
				048562841F87C04B0013E1BB /* Unchecked Checkbox-32.png in Resources */,
			);
			runOnlyForDeploymentPostprocessing = 0;
		};
/* End PBXResourcesBuildPhase section */

/* Begin PBXSourcesBuildPhase section */
		040BED601F8384EB00E8D5DC /* Sources */ = {
			isa = PBXSourcesBuildPhase;
			buildActionMask = 2147483647;
			files = (
				0485627F1F8522150013E1BB /* ArticleTableViewController.swift in Sources */,
				040BED6A1F8384EC00E8D5DC /* ViewController.swift in Sources */,
				040BED681F8384EC00E8D5DC /* AppDelegate.swift in Sources */,
				048562811F87900C0013E1BB /* DetailViewController.swift in Sources */,
				0490E2A71F8509B00031737C /* RSSReaderCell.swift in Sources */,
				040BED7F1F8397CD00E8D5DC /* RSSXMLParser.swift in Sources */,
			);
			runOnlyForDeploymentPostprocessing = 0;
		};
/* End PBXSourcesBuildPhase section */

/* Begin PBXVariantGroup section */
		040BED6B1F8384EC00E8D5DC /* Main.storyboard */ = {
			isa = PBXVariantGroup;
			children = (
				040BED6C1F8384EC00E8D5DC /* Base */,
			);
			name = Main.storyboard;
			sourceTree = "<group>";
		};
		040BED701F8384EC00E8D5DC /* LaunchScreen.storyboard */ = {
			isa = PBXVariantGroup;
			children = (
				040BED711F8384EC00E8D5DC /* Base */,
			);
			name = LaunchScreen.storyboard;
			sourceTree = "<group>";
		};
/* End PBXVariantGroup section */

/* Begin XCBuildConfiguration section */
		040BED741F8384EC00E8D5DC /* Debug */ = {
			isa = XCBuildConfiguration;
			buildSettings = {
				ALWAYS_SEARCH_USER_PATHS = NO;
				CLANG_ANALYZER_NONNULL = YES;
				CLANG_ANALYZER_NUMBER_OBJECT_CONVERSION = YES_AGGRESSIVE;
				CLANG_CXX_LANGUAGE_STANDARD = "gnu++0x";
				CLANG_CXX_LIBRARY = "libc++";
				CLANG_ENABLE_MODULES = YES;
				CLANG_ENABLE_OBJC_ARC = YES;
				CLANG_WARN_BOOL_CONVERSION = YES;
				CLANG_WARN_CONSTANT_CONVERSION = YES;
				CLANG_WARN_DIRECT_OBJC_ISA_USAGE = YES_ERROR;
				CLANG_WARN_DOCUMENTATION_COMMENTS = YES;
				CLANG_WARN_EMPTY_BODY = YES;
				CLANG_WARN_ENUM_CONVERSION = YES;
				CLANG_WARN_INFINITE_RECURSION = YES;
				CLANG_WARN_INT_CONVERSION = YES;
				CLANG_WARN_OBJC_ROOT_CLASS = YES_ERROR;
				CLANG_WARN_SUSPICIOUS_MOVE = YES;
				CLANG_WARN_UNREACHABLE_CODE = YES;
				CLANG_WARN__DUPLICATE_METHOD_MATCH = YES;
				"CODE_SIGN_IDENTITY[sdk=iphoneos*]" = "iPhone Developer";
				COPY_PHASE_STRIP = NO;
				DEBUG_INFORMATION_FORMAT = dwarf;
				ENABLE_STRICT_OBJC_MSGSEND = YES;
				ENABLE_TESTABILITY = YES;
				GCC_C_LANGUAGE_STANDARD = gnu99;
				GCC_DYNAMIC_NO_PIC = NO;
				GCC_NO_COMMON_BLOCKS = YES;
				GCC_OPTIMIZATION_LEVEL = 0;
				GCC_PREPROCESSOR_DEFINITIONS = (
					"DEBUG=1",
					"$(inherited)",
				);
				GCC_WARN_64_TO_32_BIT_CONVERSION = YES;
				GCC_WARN_ABOUT_RETURN_TYPE = YES_ERROR;
				GCC_WARN_UNDECLARED_SELECTOR = YES;
				GCC_WARN_UNINITIALIZED_AUTOS = YES_AGGRESSIVE;
				GCC_WARN_UNUSED_FUNCTION = YES;
				GCC_WARN_UNUSED_VARIABLE = YES;
				IPHONEOS_DEPLOYMENT_TARGET = 10.3;
				MTL_ENABLE_DEBUG_INFO = YES;
				ONLY_ACTIVE_ARCH = YES;
				SDKROOT = iphoneos;
				SWIFT_ACTIVE_COMPILATION_CONDITIONS = DEBUG;
				SWIFT_OPTIMIZATION_LEVEL = "-Onone";
				TARGETED_DEVICE_FAMILY = "1,2";
			};
			name = Debug;
		};
		040BED751F8384EC00E8D5DC /* Release */ = {
			isa = XCBuildConfiguration;
			buildSettings = {
				ALWAYS_SEARCH_USER_PATHS = NO;
				CLANG_ANALYZER_NONNULL = YES;
				CLANG_ANALYZER_NUMBER_OBJECT_CONVERSION = YES_AGGRESSIVE;
				CLANG_CXX_LANGUAGE_STANDARD = "gnu++0x";
				CLANG_CXX_LIBRARY = "libc++";
				CLANG_ENABLE_MODULES = YES;
				CLANG_ENABLE_OBJC_ARC = YES;
				CLANG_WARN_BOOL_CONVERSION = YES;
				CLANG_WARN_CONSTANT_CONVERSION = YES;
				CLANG_WARN_DIRECT_OBJC_ISA_USAGE = YES_ERROR;
				CLANG_WARN_DOCUMENTATION_COMMENTS = YES;
				CLANG_WARN_EMPTY_BODY = YES;
				CLANG_WARN_ENUM_CONVERSION = YES;
				CLANG_WARN_INFINITE_RECURSION = YES;
				CLANG_WARN_INT_CONVERSION = YES;
				CLANG_WARN_OBJC_ROOT_CLASS = YES_ERROR;
				CLANG_WARN_SUSPICIOUS_MOVE = YES;
				CLANG_WARN_UNREACHABLE_CODE = YES;
				CLANG_WARN__DUPLICATE_METHOD_MATCH = YES;
				"CODE_SIGN_IDENTITY[sdk=iphoneos*]" = "iPhone Developer";
				COPY_PHASE_STRIP = NO;
				DEBUG_INFORMATION_FORMAT = "dwarf-with-dsym";
				ENABLE_NS_ASSERTIONS = NO;
				ENABLE_STRICT_OBJC_MSGSEND = YES;
				GCC_C_LANGUAGE_STANDARD = gnu99;
				GCC_NO_COMMON_BLOCKS = YES;
				GCC_WARN_64_TO_32_BIT_CONVERSION = YES;
				GCC_WARN_ABOUT_RETURN_TYPE = YES_ERROR;
				GCC_WARN_UNDECLARED_SELECTOR = YES;
				GCC_WARN_UNINITIALIZED_AUTOS = YES_AGGRESSIVE;
				GCC_WARN_UNUSED_FUNCTION = YES;
				GCC_WARN_UNUSED_VARIABLE = YES;
				IPHONEOS_DEPLOYMENT_TARGET = 10.3;
				MTL_ENABLE_DEBUG_INFO = NO;
				SDKROOT = iphoneos;
				SWIFT_OPTIMIZATION_LEVEL = "-Owholemodule";
				TARGETED_DEVICE_FAMILY = "1,2";
				VALIDATE_PRODUCT = YES;
			};
			name = Release;
		};
		040BED771F8384EC00E8D5DC /* Debug */ = {
			isa = XCBuildConfiguration;
			buildSettings = {
				ASSETCATALOG_COMPILER_APPICON_NAME = AppIcon;
				DEVELOPMENT_TEAM = W5KGX9VHHG;
				INFOPLIST_FILE = "Article Reader/Info.plist";
				LD_RUNPATH_SEARCH_PATHS = "$(inherited) @executable_path/Frameworks";
				PRODUCT_BUNDLE_IDENTIFIER = "com.humma.Article-Reader";
				PRODUCT_NAME = "$(TARGET_NAME)";
				SWIFT_VERSION = 3.0;
			};
			name = Debug;
		};
		040BED781F8384EC00E8D5DC /* Release */ = {
			isa = XCBuildConfiguration;
			buildSettings = {
				ASSETCATALOG_COMPILER_APPICON_NAME = AppIcon;
				DEVELOPMENT_TEAM = W5KGX9VHHG;
				INFOPLIST_FILE = "Article Reader/Info.plist";
				LD_RUNPATH_SEARCH_PATHS = "$(inherited) @executable_path/Frameworks";
				PRODUCT_BUNDLE_IDENTIFIER = "com.humma.Article-Reader";
				PRODUCT_NAME = "$(TARGET_NAME)";
				SWIFT_VERSION = 3.0;
			};
			name = Release;
		};
/* End XCBuildConfiguration section */

/* Begin XCConfigurationList section */
		040BED5F1F8384EB00E8D5DC /* Build configuration list for PBXProject "Article Reader" */ = {
			isa = XCConfigurationList;
			buildConfigurations = (
				040BED741F8384EC00E8D5DC /* Debug */,
				040BED751F8384EC00E8D5DC /* Release */,
			);
			defaultConfigurationIsVisible = 0;
			defaultConfigurationName = Release;
		};
		040BED761F8384EC00E8D5DC /* Build configuration list for PBXNativeTarget "Article Reader" */ = {
			isa = XCConfigurationList;
			buildConfigurations = (
				040BED771F8384EC00E8D5DC /* Debug */,
				040BED781F8384EC00E8D5DC /* Release */,
			);
			defaultConfigurationIsVisible = 0;
			defaultConfigurationName = Release;
		};
/* End XCConfigurationList section */
	};
	rootObject = 040BED5C1F8384EB00E8D5DC /* Project object */;
}
